// !$*UTF8*$!
{
	archiveVersion = 1;
	classes = {
	};
	objectVersion = 50;
	objects = {

/* Begin PBXBuildFile section */
		39AC228D206E47EE001F8D0C /* AppDelegate.swift in Sources */ = {isa = PBXBuildFile; fileRef = 39AC228C206E47EE001F8D0C /* AppDelegate.swift */; };
		39AC228F206E47EE001F8D0C /* ViewController.swift in Sources */ = {isa = PBXBuildFile; fileRef = 39AC228E206E47EE001F8D0C /* ViewController.swift */; };
		39AC2292206E47EE001F8D0C /* Main.storyboard in Resources */ = {isa = PBXBuildFile; fileRef = 39AC2290206E47EE001F8D0C /* Main.storyboard */; };
		39AC2294206E47F0001F8D0C /* Assets.xcassets in Resources */ = {isa = PBXBuildFile; fileRef = 39AC2293206E47F0001F8D0C /* Assets.xcassets */; };
		39AC2297206E47F0001F8D0C /* LaunchScreen.storyboard in Resources */ = {isa = PBXBuildFile; fileRef = 39AC2295206E47F0001F8D0C /* LaunchScreen.storyboard */; };
		39AC22A2206E47F0001F8D0C /* BMITests.swift in Sources */ = {isa = PBXBuildFile; fileRef = 39AC22A1206E47F0001F8D0C /* BMITests.swift */; };
		39AC22AD206E47F0001F8D0C /* BMIUITests.swift in Sources */ = {isa = PBXBuildFile; fileRef = 39AC22AC206E47F0001F8D0C /* BMIUITests.swift */; };
/* End PBXBuildFile section */

/* Begin PBXContainerItemProxy section */
		39AC229E206E47F0001F8D0C /* PBXContainerItemProxy */ = {
			isa = PBXContainerItemProxy;
			containerPortal = 39AC2281206E47EE001F8D0C /* Project object */;
			proxyType = 1;
			remoteGlobalIDString = 39AC2288206E47EE001F8D0C;
			remoteInfo = BMI;
		};
		39AC22A9206E47F0001F8D0C /* PBXContainerItemProxy */ = {
			isa = PBXContainerItemProxy;
			containerPortal = 39AC2281206E47EE001F8D0C /* Project object */;
			proxyType = 1;
			remoteGlobalIDString = 39AC2288206E47EE001F8D0C;
			remoteInfo = BMI;
		};
/* End PBXContainerItemProxy section */

/* Begin PBXFileReference section */
		39AC2289206E47EE001F8D0C /* BMI.app */ = {isa = PBXFileReference; explicitFileType = wrapper.application; includeInIndex = 0; path = BMI.app; sourceTree = BUILT_PRODUCTS_DIR; };
		39AC228C206E47EE001F8D0C /* AppDelegate.swift */ = {isa = PBXFileReference; lastKnownFileType = sourcecode.swift; path = AppDelegate.swift; sourceTree = "<group>"; };
		39AC228E206E47EE001F8D0C /* ViewController.swift */ = {isa = PBXFileReference; lastKnownFileType = sourcecode.swift; path = ViewController.swift; sourceTree = "<group>"; };
		39AC2291206E47EE001F8D0C /* Base */ = {isa = PBXFileReference; lastKnownFileType = file.storyboard; name = Base; path = Base.lproj/Main.storyboard; sourceTree = "<group>"; };
		39AC2293206E47F0001F8D0C /* Assets.xcassets */ = {isa = PBXFileReference; lastKnownFileType = folder.assetcatalog; path = Assets.xcassets; sourceTree = "<group>"; };
		39AC2296206E47F0001F8D0C /* Base */ = {isa = PBXFileReference; lastKnownFileType = file.storyboard; name = Base; path = Base.lproj/LaunchScreen.storyboard; sourceTree = "<group>"; };
		39AC2298206E47F0001F8D0C /* Info.plist */ = {isa = PBXFileReference; lastKnownFileType = text.plist.xml; path = Info.plist; sourceTree = "<group>"; };
		39AC229D206E47F0001F8D0C /* BMITests.xctest */ = {isa = PBXFileReference; explicitFileType = wrapper.cfbundle; includeInIndex = 0; path = BMITests.xctest; sourceTree = BUILT_PRODUCTS_DIR; };
		39AC22A1206E47F0001F8D0C /* BMITests.swift */ = {isa = PBXFileReference; lastKnownFileType = sourcecode.swift; path = BMITests.swift; sourceTree = "<group>"; };
		39AC22A3206E47F0001F8D0C /* Info.plist */ = {isa = PBXFileReference; lastKnownFileType = text.plist.xml; path = Info.plist; sourceTree = "<group>"; };
		39AC22A8206E47F0001F8D0C /* BMIUITests.xctest */ = {isa = PBXFileReference; explicitFileType = wrapper.cfbundle; includeInIndex = 0; path = BMIUITests.xctest; sourceTree = BUILT_PRODUCTS_DIR; };
		39AC22AC206E47F0001F8D0C /* BMIUITests.swift */ = {isa = PBXFileReference; lastKnownFileType = sourcecode.swift; path = BMIUITests.swift; sourceTree = "<group>"; };
		39AC22AE206E47F0001F8D0C /* Info.plist */ = {isa = PBXFileReference; lastKnownFileType = text.plist.xml; path = Info.plist; sourceTree = "<group>"; };
/* End PBXFileReference section */

/* Begin PBXFrameworksBuildPhase section */
		39AC2286206E47EE001F8D0C /* Frameworks */ = {
			isa = PBXFrameworksBuildPhase;
			buildActionMask = 2147483647;
			files = (
			);
			runOnlyForDeploymentPostprocessing = 0;
		};
		39AC229A206E47F0001F8D0C /* Frameworks */ = {
			isa = PBXFrameworksBuildPhase;
			buildActionMask = 2147483647;
			files = (
			);
			runOnlyForDeploymentPostprocessing = 0;
		};
		39AC22A5206E47F0001F8D0C /* Frameworks */ = {
			isa = PBXFrameworksBuildPhase;
			buildActionMask = 2147483647;
			files = (
			);
			runOnlyForDeploymentPostprocessing = 0;
		};
/* End PBXFrameworksBuildPhase section */

/* Begin PBXGroup section */
		39AC2280206E47EE001F8D0C = {
			isa = PBXGroup;
			children = (
				39AC228B206E47EE001F8D0C /* BMI */,
				39AC22A0206E47F0001F8D0C /* BMITests */,
				39AC22AB206E47F0001F8D0C /* BMIUITests */,
				39AC228A206E47EE001F8D0C /* Products */,
			);
			sourceTree = "<group>";
		};
		39AC228A206E47EE001F8D0C /* Products */ = {
			isa = PBXGroup;
			children = (
				39AC2289206E47EE001F8D0C /* BMI.app */,
				39AC229D206E47F0001F8D0C /* BMITests.xctest */,
				39AC22A8206E47F0001F8D0C /* BMIUITests.xctest */,
			);
			name = Products;
			sourceTree = "<group>";
		};
		39AC228B206E47EE001F8D0C /* BMI */ = {
			isa = PBXGroup;
			children = (
				39AC228C206E47EE001F8D0C /* AppDelegate.swift */,
				39AC228E206E47EE001F8D0C /* ViewController.swift */,
				39AC2290206E47EE001F8D0C /* Main.storyboard */,
				39AC2293206E47F0001F8D0C /* Assets.xcassets */,
				39AC2295206E47F0001F8D0C /* LaunchScreen.storyboard */,
				39AC2298206E47F0001F8D0C /* Info.plist */,
			);
			path = BMI;
			sourceTree = "<group>";
		};
		39AC22A0206E47F0001F8D0C /* BMITests */ = {
			isa = PBXGroup;
			children = (
				39AC22A1206E47F0001F8D0C /* BMITests.swift */,
				39AC22A3206E47F0001F8D0C /* Info.plist */,
			);
			path = BMITests;
			sourceTree = "<group>";
		};
		39AC22AB206E47F0001F8D0C /* BMIUITests */ = {
			isa = PBXGroup;
			children = (
				39AC22AC206E47F0001F8D0C /* BMIUITests.swift */,
				39AC22AE206E47F0001F8D0C /* Info.plist */,
			);
			path = BMIUITests;
			sourceTree = "<group>";
		};
/* End PBXGroup section */

/* Begin PBXNativeTarget section */
		39AC2288206E47EE001F8D0C /* BMI */ = {
			isa = PBXNativeTarget;
			buildConfigurationList = 39AC22B1206E47F0001F8D0C /* Build configuration list for PBXNativeTarget "BMI" */;
			buildPhases = (
				39AC2285206E47EE001F8D0C /* Sources */,
				39AC2286206E47EE001F8D0C /* Frameworks */,
				39AC2287206E47EE001F8D0C /* Resources */,
			);
			buildRules = (
			);
			dependencies = (
			);
			name = BMI;
			productName = BMI;
			productReference = 39AC2289206E47EE001F8D0C /* BMI.app */;
			productType = "com.apple.product-type.application";
		};
		39AC229C206E47F0001F8D0C /* BMITests */ = {
			isa = PBXNativeTarget;
			buildConfigurationList = 39AC22B4206E47F0001F8D0C /* Build configuration list for PBXNativeTarget "BMITests" */;
			buildPhases = (
				39AC2299206E47F0001F8D0C /* Sources */,
				39AC229A206E47F0001F8D0C /* Frameworks */,
				39AC229B206E47F0001F8D0C /* Resources */,
			);
			buildRules = (
			);
			dependencies = (
				39AC229F206E47F0001F8D0C /* PBXTargetDependency */,
			);
			name = BMITests;
			productName = BMITests;
			productReference = 39AC229D206E47F0001F8D0C /* BMITests.xctest */;
			productType = "com.apple.product-type.bundle.unit-test";
		};
		39AC22A7206E47F0001F8D0C /* BMIUITests */ = {
			isa = PBXNativeTarget;
			buildConfigurationList = 39AC22B7206E47F0001F8D0C /* Build configuration list for PBXNativeTarget "BMIUITests" */;
			buildPhases = (
				39AC22A4206E47F0001F8D0C /* Sources */,
				39AC22A5206E47F0001F8D0C /* Frameworks */,
				39AC22A6206E47F0001F8D0C /* Resources */,
			);
			buildRules = (
			);
			dependencies = (
				39AC22AA206E47F0001F8D0C /* PBXTargetDependency */,
			);
			name = BMIUITests;
			productName = BMIUITests;
			productReference = 39AC22A8206E47F0001F8D0C /* BMIUITests.xctest */;
			productType = "com.apple.product-type.bundle.ui-testing";
		};
/* End PBXNativeTarget section */

/* Begin PBXProject section */
		39AC2281206E47EE001F8D0C /* Project object */ = {
			isa = PBXProject;
			attributes = {
				LastSwiftUpdateCheck = 0930;
				LastUpgradeCheck = 0930;
				ORGANIZATIONNAME = "Masashi Takata";
				TargetAttributes = {
					39AC2288206E47EE001F8D0C = {
						CreatedOnToolsVersion = 9.3;
					};
					39AC229C206E47F0001F8D0C = {
						CreatedOnToolsVersion = 9.3;
						TestTargetID = 39AC2288206E47EE001F8D0C;
					};
					39AC22A7206E47F0001F8D0C = {
						CreatedOnToolsVersion = 9.3;
						TestTargetID = 39AC2288206E47EE001F8D0C;
					};
				};
			};
			buildConfigurationList = 39AC2284206E47EE001F8D0C /* Build configuration list for PBXProject "BMI" */;
			compatibilityVersion = "Xcode 9.3";
			developmentRegion = en;
			hasScannedForEncodings = 0;
			knownRegions = (
				en,
				Base,
			);
			mainGroup = 39AC2280206E47EE001F8D0C;
			productRefGroup = 39AC228A206E47EE001F8D0C /* Products */;
			projectDirPath = "";
			projectRoot = "";
			targets = (
				39AC2288206E47EE001F8D0C /* BMI */,
				39AC229C206E47F0001F8D0C /* BMITests */,
				39AC22A7206E47F0001F8D0C /* BMIUITests */,
			);
		};
/* End PBXProject section */

/* Begin PBXResourcesBuildPhase section */
		39AC2287206E47EE001F8D0C /* Resources */ = {
			isa = PBXResourcesBuildPhase;
			buildActionMask = 2147483647;
			files = (
				39AC2297206E47F0001F8D0C /* LaunchScreen.storyboard in Resources */,
				39AC2294206E47F0001F8D0C /* Assets.xcassets in Resources */,
				39AC2292206E47EE001F8D0C /* Main.storyboard in Resources */,
			);
			runOnlyForDeploymentPostprocessing = 0;
		};
		39AC229B206E47F0001F8D0C /* Resources */ = {
			isa = PBXResourcesBuildPhase;
			buildActionMask = 2147483647;
			files = (
			);
			runOnlyForDeploymentPostprocessing = 0;
		};
		39AC22A6206E47F0001F8D0C /* Resources */ = {
			isa = PBXResourcesBuildPhase;
			buildActionMask = 2147483647;
			files = (
			);
			runOnlyForDeploymentPostprocessing = 0;
		};
/* End PBXResourcesBuildPhase section */

/* Begin PBXSourcesBuildPhase section */
		39AC2285206E47EE001F8D0C /* Sources */ = {
			isa = PBXSourcesBuildPhase;
			buildActionMask = 2147483647;
			files = (
				39AC228F206E47EE001F8D0C /* ViewController.swift in Sources */,
				39AC228D206E47EE001F8D0C /* AppDelegate.swift in Sources */,
			);
			runOnlyForDeploymentPostprocessing = 0;
		};
		39AC2299206E47F0001F8D0C /* Sources */ = {
			isa = PBXSourcesBuildPhase;
			buildActionMask = 2147483647;
			files = (
				39AC22A2206E47F0001F8D0C /* BMITests.swift in Sources */,
			);
			runOnlyForDeploymentPostprocessing = 0;
		};
		39AC22A4206E47F0001F8D0C /* Sources */ = {
			isa = PBXSourcesBuildPhase;
			buildActionMask = 2147483647;
			files = (
				39AC22AD206E47F0001F8D0C /* BMIUITests.swift in Sources */,
			);
			runOnlyForDeploymentPostprocessing = 0;
		};
/* End PBXSourcesBuildPhase section */

/* Begin PBXTargetDependency section */
		39AC229F206E47F0001F8D0C /* PBXTargetDependency */ = {
			isa = PBXTargetDependency;
			target = 39AC2288206E47EE001F8D0C /* BMI */;
			targetProxy = 39AC229E206E47F0001F8D0C /* PBXContainerItemProxy */;
		};
		39AC22AA206E47F0001F8D0C /* PBXTargetDependency */ = {
			isa = PBXTargetDependency;
			target = 39AC2288206E47EE001F8D0C /* BMI */;
			targetProxy = 39AC22A9206E47F0001F8D0C /* PBXContainerItemProxy */;
		};
/* End PBXTargetDependency section */

/* Begin PBXVariantGroup section */
		39AC2290206E47EE001F8D0C /* Main.storyboard */ = {
			isa = PBXVariantGroup;
			children = (
				39AC2291206E47EE001F8D0C /* Base */,
			);
			name = Main.storyboard;
			sourceTree = "<group>";
		};
		39AC2295206E47F0001F8D0C /* LaunchScreen.storyboard */ = {
			isa = PBXVariantGroup;
			children = (
				39AC2296206E47F0001F8D0C /* Base */,
			);
			name = LaunchScreen.storyboard;
			sourceTree = "<group>";
		};
/* End PBXVariantGroup section */

/* Begin XCBuildConfiguration section */
		39AC22AF206E47F0001F8D0C /* Debug */ = {
			isa = XCBuildConfiguration;
			buildSettings = {
				ALWAYS_SEARCH_USER_PATHS = NO;
				CLANG_ANALYZER_NONNULL = YES;
				CLANG_ANALYZER_NUMBER_OBJECT_CONVERSION = YES_AGGRESSIVE;
				CLANG_CXX_LANGUAGE_STANDARD = "gnu++14";
				CLANG_CXX_LIBRARY = "libc++";
				CLANG_ENABLE_MODULES = YES;
				CLANG_ENABLE_OBJC_ARC = YES;
				CLANG_ENABLE_OBJC_WEAK = YES;
				CLANG_WARN_BLOCK_CAPTURE_AUTORELEASING = YES;
				CLANG_WARN_BOOL_CONVERSION = YES;
				CLANG_WARN_COMMA = YES;
				CLANG_WARN_CONSTANT_CONVERSION = YES;
				CLANG_WARN_DEPRECATED_OBJC_IMPLEMENTATIONS = YES;
				CLANG_WARN_DIRECT_OBJC_ISA_USAGE = YES_ERROR;
				CLANG_WARN_DOCUMENTATION_COMMENTS = YES;
				CLANG_WARN_EMPTY_BODY = YES;
				CLANG_WARN_ENUM_CONVERSION = YES;
				CLANG_WARN_INFINITE_RECURSION = YES;
				CLANG_WARN_INT_CONVERSION = YES;
				CLANG_WARN_NON_LITERAL_NULL_CONVERSION = YES;
				CLANG_WARN_OBJC_IMPLICIT_RETAIN_SELF = YES;
				CLANG_WARN_OBJC_LITERAL_CONVERSION = YES;
				CLANG_WARN_OBJC_ROOT_CLASS = YES_ERROR;
				CLANG_WARN_RANGE_LOOP_ANALYSIS = YES;
				CLANG_WARN_STRICT_PROTOTYPES = YES;
				CLANG_WARN_SUSPICIOUS_MOVE = YES;
				CLANG_WARN_UNGUARDED_AVAILABILITY = YES_AGGRESSIVE;
				CLANG_WARN_UNREACHABLE_CODE = YES;
				CLANG_WARN__DUPLICATE_METHOD_MATCH = YES;
				CODE_SIGN_IDENTITY = "iPhone Developer";
				COPY_PHASE_STRIP = NO;
				DEBUG_INFORMATION_FORMAT = dwarf;
				ENABLE_STRICT_OBJC_MSGSEND = YES;
				ENABLE_TESTABILITY = YES;
				GCC_C_LANGUAGE_STANDARD = gnu11;
				GCC_DYNAMIC_NO_PIC = NO;
				GCC_NO_COMMON_BLOCKS = YES;
				GCC_OPTIMIZATION_LEVEL = 0;
				GCC_PREPROCESSOR_DEFINITIONS = (
					"DEBUG=1",
					"$(inherited)",
				);
				GCC_WARN_64_TO_32_BIT_CONVERSION = YES;
				GCC_WARN_ABOUT_RETURN_TYPE = YES_ERROR;
				GCC_WARN_UNDECLARED_SELECTOR = YES;
				GCC_WARN_UNINITIALIZED_AUTOS = YES_AGGRESSIVE;
				GCC_WARN_UNUSED_FUNCTION = YES;
				GCC_WARN_UNUSED_VARIABLE = YES;
				IPHONEOS_DEPLOYMENT_TARGET = 11.3;
				MTL_ENABLE_DEBUG_INFO = YES;
				ONLY_ACTIVE_ARCH = YES;
				SDKROOT = iphoneos;
				SWIFT_ACTIVE_COMPILATION_CONDITIONS = DEBUG;
				SWIFT_OPTIMIZATION_LEVEL = "-Onone";
			};
			name = Debug;
		};
		39AC22B0206E47F0001F8D0C /* Release */ = {
			isa = XCBuildConfiguration;
			buildSettings = {
				ALWAYS_SEARCH_USER_PATHS = NO;
				CLANG_ANALYZER_NONNULL = YES;
				CLANG_ANALYZER_NUMBER_OBJECT_CONVERSION = YES_AGGRESSIVE;
				CLANG_CXX_LANGUAGE_STANDARD = "gnu++14";
				CLANG_CXX_LIBRARY = "libc++";
				CLANG_ENABLE_MODULES = YES;
				CLANG_ENABLE_OBJC_ARC = YES;
				CLANG_ENABLE_OBJC_WEAK = YES;
				CLANG_WARN_BLOCK_CAPTURE_AUTORELEASING = YES;
				CLANG_WARN_BOOL_CONVERSION = YES;
				CLANG_WARN_COMMA = YES;
				CLANG_WARN_CONSTANT_CONVERSION = YES;
				CLANG_WARN_DEPRECATED_OBJC_IMPLEMENTATIONS = YES;
				CLANG_WARN_DIRECT_OBJC_ISA_USAGE = YES_ERROR;
				CLANG_WARN_DOCUMENTATION_COMMENTS = YES;
				CLANG_WARN_EMPTY_BODY = YES;
				CLANG_WARN_ENUM_CONVERSION = YES;
				CLANG_WARN_INFINITE_RECURSION = YES;
				CLANG_WARN_INT_CONVERSION = YES;
				CLANG_WARN_NON_LITERAL_NULL_CONVERSION = YES;
				CLANG_WARN_OBJC_IMPLICIT_RETAIN_SELF = YES;
				CLANG_WARN_OBJC_LITERAL_CONVERSION = YES;
				CLANG_WARN_OBJC_ROOT_CLASS = YES_ERROR;
				CLANG_WARN_RANGE_LOOP_ANALYSIS = YES;
				CLANG_WARN_STRICT_PROTOTYPES = YES;
				CLANG_WARN_SUSPICIOUS_MOVE = YES;
				CLANG_WARN_UNGUARDED_AVAILABILITY = YES_AGGRESSIVE;
				CLANG_WARN_UNREACHABLE_CODE = YES;
				CLANG_WARN__DUPLICATE_METHOD_MATCH = YES;
				CODE_SIGN_IDENTITY = "iPhone Developer";
				COPY_PHASE_STRIP = NO;
				DEBUG_INFORMATION_FORMAT = "dwarf-with-dsym";
				ENABLE_NS_ASSERTIONS = NO;
				ENABLE_STRICT_OBJC_MSGSEND = YES;
				GCC_C_LANGUAGE_STANDARD = gnu11;
				GCC_NO_COMMON_BLOCKS = YES;
				GCC_WARN_64_TO_32_BIT_CONVERSION = YES;
				GCC_WARN_ABOUT_RETURN_TYPE = YES_ERROR;
				GCC_WARN_UNDECLARED_SELECTOR = YES;
				GCC_WARN_UNINITIALIZED_AUTOS = YES_AGGRESSIVE;
				GCC_WARN_UNUSED_FUNCTION = YES;
				GCC_WARN_UNUSED_VARIABLE = YES;
				IPHONEOS_DEPLOYMENT_TARGET = 11.3;
				MTL_ENABLE_DEBUG_INFO = NO;
				SDKROOT = iphoneos;
				SWIFT_COMPILATION_MODE = wholemodule;
				SWIFT_OPTIMIZATION_LEVEL = "-O";
				VALIDATE_PRODUCT = YES;
			};
			name = Release;
		};
		39AC22B2206E47F0001F8D0C /* Debug */ = {
			isa = XCBuildConfiguration;
			buildSettings = {
				ASSETCATALOG_COMPILER_APPICON_NAME = AppIcon;
				CODE_SIGN_STYLE = Automatic;
				INFOPLIST_FILE = BMI/Info.plist;
				LD_RUNPATH_SEARCH_PATHS = (
					"$(inherited)",
					"@executable_path/Frameworks",
				);
				PRODUCT_BUNDLE_IDENTIFIER = test.BMI;
				PRODUCT_NAME = "$(TARGET_NAME)";
				SWIFT_VERSION = 4.0;
				TARGETED_DEVICE_FAMILY = "1,2";
			};
			name = Debug;
		};
		39AC22B3206E47F0001F8D0C /* Release */ = {
			isa = XCBuildConfiguration;
			buildSettings = {
				ASSETCATALOG_COMPILER_APPICON_NAME = AppIcon;
				CODE_SIGN_STYLE = Automatic;
				INFOPLIST_FILE = BMI/Info.plist;
				LD_RUNPATH_SEARCH_PATHS = (
					"$(inherited)",
					"@executable_path/Frameworks",
				);
				PRODUCT_BUNDLE_IDENTIFIER = test.BMI;
				PRODUCT_NAME = "$(TARGET_NAME)";
				SWIFT_VERSION = 4.0;
				TARGETED_DEVICE_FAMILY = "1,2";
			};
			name = Release;
		};
		39AC22B5206E47F0001F8D0C /* Debug */ = {
			isa = XCBuildConfiguration;
			buildSettings = {
				ALWAYS_EMBED_SWIFT_STANDARD_LIBRARIES = YES;
				BUNDLE_LOADER = "$(TEST_HOST)";
				CODE_SIGN_STYLE = Automatic;
				INFOPLIST_FILE = BMITests/Info.plist;
				LD_RUNPATH_SEARCH_PATHS = (
					"$(inherited)",
					"@executable_path/Frameworks",
					"@loader_path/Frameworks",
				);
				PRODUCT_BUNDLE_IDENTIFIER = test.BMITests;
				PRODUCT_NAME = "$(TARGET_NAME)";
				SWIFT_VERSION = 4.0;
				TARGETED_DEVICE_FAMILY = "1,2";
				TEST_HOST = "$(BUILT_PRODUCTS_DIR)/BMI.app/BMI";
			};
			name = Debug;
		};
		39AC22B6206E47F0001F8D0C /* Release */ = {
			isa = XCBuildConfiguration;
			buildSettings = {
				ALWAYS_EMBED_SWIFT_STANDARD_LIBRARIES = YES;
				BUNDLE_LOADER = "$(TEST_HOST)";
				CODE_SIGN_STYLE = Automatic;
				INFOPLIST_FILE = BMITests/Info.plist;
				LD_RUNPATH_SEARCH_PATHS = (
					"$(inherited)",
					"@executable_path/Frameworks",
					"@loader_path/Frameworks",
				);
				PRODUCT_BUNDLE_IDENTIFIER = test.BMITests;
				PRODUCT_NAME = "$(TARGET_NAME)";
				SWIFT_VERSION = 4.0;
				TARGETED_DEVICE_FAMILY = "1,2";
				TEST_HOST = "$(BUILT_PRODUCTS_DIR)/BMI.app/BMI";
			};
			name = Release;
		};
		39AC22B8206E47F0001F8D0C /* Debug */ = {
			isa = XCBuildConfiguration;
			buildSettings = {
				ALWAYS_EMBED_SWIFT_STANDARD_LIBRARIES = YES;
				CODE_SIGN_STYLE = Automatic;
				INFOPLIST_FILE = BMIUITests/Info.plist;
				LD_RUNPATH_SEARCH_PATHS = (
					"$(inherited)",
					"@executable_path/Frameworks",
					"@loader_path/Frameworks",
				);
				PRODUCT_BUNDLE_IDENTIFIER = test.BMIUITests;
				PRODUCT_NAME = "$(TARGET_NAME)";
				SWIFT_VERSION = 4.0;
				TARGETED_DEVICE_FAMILY = "1,2";
				TEST_TARGET_NAME = BMI;
			};
			name = Debug;
		};
		39AC22B9206E47F0001F8D0C /* Release */ = {
			isa = XCBuildConfiguration;
			buildSettings = {
				ALWAYS_EMBED_SWIFT_STANDARD_LIBRARIES = YES;
				CODE_SIGN_STYLE = Automatic;
				INFOPLIST_FILE = BMIUITests/Info.plist;
				LD_RUNPATH_SEARCH_PATHS = (
					"$(inherited)",
					"@executable_path/Frameworks",
					"@loader_path/Frameworks",
				);
				PRODUCT_BUNDLE_IDENTIFIER = test.BMIUITests;
				PRODUCT_NAME = "$(TARGET_NAME)";
				SWIFT_VERSION = 4.0;
				TARGETED_DEVICE_FAMILY = "1,2";
				TEST_TARGET_NAME = BMI;
			};
			name = Release;
		};
/* End XCBuildConfiguration section */

/* Begin XCConfigurationList section */
		39AC2284206E47EE001F8D0C /* Build configuration list for PBXProject "BMI" */ = {
			isa = XCConfigurationList;
			buildConfigurations = (
				39AC22AF206E47F0001F8D0C /* Debug */,
				39AC22B0206E47F0001F8D0C /* Release */,
			);
			defaultConfigurationIsVisible = 0;
			defaultConfigurationName = Release;
		};
		39AC22B1206E47F0001F8D0C /* Build configuration list for PBXNativeTarget "BMI" */ = {
			isa = XCConfigurationList;
			buildConfigurations = (
				39AC22B2206E47F0001F8D0C /* Debug */,
				39AC22B3206E47F0001F8D0C /* Release */,
			);
			defaultConfigurationIsVisible = 0;
			defaultConfigurationName = Release;
		};
		39AC22B4206E47F0001F8D0C /* Build configuration list for PBXNativeTarget "BMITests" */ = {
			isa = XCConfigurationList;
			buildConfigurations = (
				39AC22B5206E47F0001F8D0C /* Debug */,
				39AC22B6206E47F0001F8D0C /* Release */,
			);
			defaultConfigurationIsVisible = 0;
			defaultConfigurationName = Release;
		};
		39AC22B7206E47F0001F8D0C /* Build configuration list for PBXNativeTarget "BMIUITests" */ = {
			isa = XCConfigurationList;
			buildConfigurations = (
				39AC22B8206E47F0001F8D0C /* Debug */,
				39AC22B9206E47F0001F8D0C /* Release */,
			);
			defaultConfigurationIsVisible = 0;
			defaultConfigurationName = Release;
		};
/* End XCConfigurationList section */
	};
	rootObject = 39AC2281206E47EE001F8D0C /* Project object */;
}
